// !$*UTF8*$!
{
	archiveVersion = 1;
	classes = {
	};
	objectVersion = 51;
	objects = {

/* Begin PBXBuildFile section */
		031FF1194C88E6E87C9B75E5 /* Pods_iOS_GrainChain_Test.framework in Frameworks */ = {isa = PBXBuildFile; fileRef = 3E1B7D500CE203B0172EB675 /* Pods_iOS_GrainChain_Test.framework */; };
		D639B4ED26C30291008A0ABD /* ToursViewModel.swift in Sources */ = {isa = PBXBuildFile; fileRef = D639B4EC26C30291008A0ABD /* ToursViewModel.swift */; };
		D639B4F026C302B3008A0ABD /* TourDetailViewModel.swift in Sources */ = {isa = PBXBuildFile; fileRef = D639B4EF26C302B3008A0ABD /* TourDetailViewModel.swift */; };
		D639B4F326C30392008A0ABD /* ContentTabBar.swift in Sources */ = {isa = PBXBuildFile; fileRef = D639B4F226C30392008A0ABD /* ContentTabBar.swift */; };
		D639B4F626C3042A008A0ABD /* MapTourViewModel.swift in Sources */ = {isa = PBXBuildFile; fileRef = D639B4F526C3042A008A0ABD /* MapTourViewModel.swift */; };
		D639B4FE26C3050E008A0ABD /* TourModel.swift in Sources */ = {isa = PBXBuildFile; fileRef = D639B4FD26C3050E008A0ABD /* TourModel.swift */; };
		D6610F1426BDD5AA00855457 /* AppDelegate.swift in Sources */ = {isa = PBXBuildFile; fileRef = D6610F1326BDD5AA00855457 /* AppDelegate.swift */; };
		D6610F1926BDD5AA00855457 /* Main.storyboard in Resources */ = {isa = PBXBuildFile; fileRef = D6610F1726BDD5AA00855457 /* Main.storyboard */; };
		D6610F1C26BDD5AA00855457 /* iOS_GrainChain_Test.xcdatamodeld in Sources */ = {isa = PBXBuildFile; fileRef = D6610F1A26BDD5AA00855457 /* iOS_GrainChain_Test.xcdatamodeld */; };
		D6610F1E26BDD5AE00855457 /* Assets.xcassets in Resources */ = {isa = PBXBuildFile; fileRef = D6610F1D26BDD5AE00855457 /* Assets.xcassets */; };
		D6610F2126BDD5AE00855457 /* LaunchScreen.storyboard in Resources */ = {isa = PBXBuildFile; fileRef = D6610F1F26BDD5AE00855457 /* LaunchScreen.storyboard */; };
		D6621F8626C188C1007D4348 /* TourDetailController.swift in Sources */ = {isa = PBXBuildFile; fileRef = D6621F8526C188C1007D4348 /* TourDetailController.swift */; };
		D676A3C426BF0FF100DADCCB /* TourCell.swift in Sources */ = {isa = PBXBuildFile; fileRef = D676A3C326BF0FF100DADCCB /* TourCell.swift */; };
		D698AC0B26BE507B00D56C0D /* MapTourController.swift in Sources */ = {isa = PBXBuildFile; fileRef = D698AC0A26BE507B00D56C0D /* MapTourController.swift */; };
		D698AC1926BE544C00D56C0D /* DatabaseManager.swift in Sources */ = {isa = PBXBuildFile; fileRef = D698AC1826BE544C00D56C0D /* DatabaseManager.swift */; };
		D698AC1D26BE595400D56C0D /* Utils.swift in Sources */ = {isa = PBXBuildFile; fileRef = D698AC1C26BE595400D56C0D /* Utils.swift */; };
		D698AC2026BEE40500D56C0D /* ToursController.swift in Sources */ = {isa = PBXBuildFile; fileRef = D698AC1F26BEE40500D56C0D /* ToursController.swift */; };
/* End PBXBuildFile section */

/* Begin PBXFileReference section */
		2B3D44CF359F14427BE09748 /* Pods-iOS GrainChain Test.release.xcconfig */ = {isa = PBXFileReference; includeInIndex = 1; lastKnownFileType = text.xcconfig; name = "Pods-iOS GrainChain Test.release.xcconfig"; path = "Target Support Files/Pods-iOS GrainChain Test/Pods-iOS GrainChain Test.release.xcconfig"; sourceTree = "<group>"; };
		3E1B7D500CE203B0172EB675 /* Pods_iOS_GrainChain_Test.framework */ = {isa = PBXFileReference; explicitFileType = wrapper.framework; includeInIndex = 0; path = Pods_iOS_GrainChain_Test.framework; sourceTree = BUILT_PRODUCTS_DIR; };
		BE1783616FDCE9CBA42934DC /* Pods-iOS GrainChain Test.debug.xcconfig */ = {isa = PBXFileReference; includeInIndex = 1; lastKnownFileType = text.xcconfig; name = "Pods-iOS GrainChain Test.debug.xcconfig"; path = "Target Support Files/Pods-iOS GrainChain Test/Pods-iOS GrainChain Test.debug.xcconfig"; sourceTree = "<group>"; };
		D639B4EC26C30291008A0ABD /* ToursViewModel.swift */ = {isa = PBXFileReference; lastKnownFileType = sourcecode.swift; path = ToursViewModel.swift; sourceTree = "<group>"; };
		D639B4EF26C302B3008A0ABD /* TourDetailViewModel.swift */ = {isa = PBXFileReference; lastKnownFileType = sourcecode.swift; path = TourDetailViewModel.swift; sourceTree = "<group>"; };
		D639B4F226C30392008A0ABD /* ContentTabBar.swift */ = {isa = PBXFileReference; lastKnownFileType = sourcecode.swift; path = ContentTabBar.swift; sourceTree = "<group>"; };
		D639B4F526C3042A008A0ABD /* MapTourViewModel.swift */ = {isa = PBXFileReference; lastKnownFileType = sourcecode.swift; path = MapTourViewModel.swift; sourceTree = "<group>"; };
		D639B4FD26C3050E008A0ABD /* TourModel.swift */ = {isa = PBXFileReference; fileEncoding = 4; lastKnownFileType = sourcecode.swift; path = TourModel.swift; sourceTree = "<group>"; };
		D6610F1026BDD5AA00855457 /* iOS GrainChain Test.app */ = {isa = PBXFileReference; explicitFileType = wrapper.application; includeInIndex = 0; path = "iOS GrainChain Test.app"; sourceTree = BUILT_PRODUCTS_DIR; };
		D6610F1326BDD5AA00855457 /* AppDelegate.swift */ = {isa = PBXFileReference; lastKnownFileType = sourcecode.swift; path = AppDelegate.swift; sourceTree = "<group>"; };
		D6610F1826BDD5AA00855457 /* Base */ = {isa = PBXFileReference; lastKnownFileType = file.storyboard; name = Base; path = Base.lproj/Main.storyboard; sourceTree = "<group>"; };
		D6610F1B26BDD5AA00855457 /* iOS_GrainChain_Test.xcdatamodel */ = {isa = PBXFileReference; lastKnownFileType = wrapper.xcdatamodel; path = iOS_GrainChain_Test.xcdatamodel; sourceTree = "<group>"; };
		D6610F1D26BDD5AE00855457 /* Assets.xcassets */ = {isa = PBXFileReference; lastKnownFileType = folder.assetcatalog; path = Assets.xcassets; sourceTree = "<group>"; };
		D6610F2026BDD5AE00855457 /* Base */ = {isa = PBXFileReference; lastKnownFileType = file.storyboard; name = Base; path = Base.lproj/LaunchScreen.storyboard; sourceTree = "<group>"; };
		D6610F2226BDD5AE00855457 /* Info.plist */ = {isa = PBXFileReference; lastKnownFileType = text.plist.xml; path = Info.plist; sourceTree = "<group>"; };
		D6621F8526C188C1007D4348 /* TourDetailController.swift */ = {isa = PBXFileReference; lastKnownFileType = sourcecode.swift; path = TourDetailController.swift; sourceTree = "<group>"; };
		D676A3C326BF0FF100DADCCB /* TourCell.swift */ = {isa = PBXFileReference; lastKnownFileType = sourcecode.swift; path = TourCell.swift; sourceTree = "<group>"; };
		D698AC0A26BE507B00D56C0D /* MapTourController.swift */ = {isa = PBXFileReference; lastKnownFileType = sourcecode.swift; path = MapTourController.swift; sourceTree = "<group>"; };
		D698AC1826BE544C00D56C0D /* DatabaseManager.swift */ = {isa = PBXFileReference; lastKnownFileType = sourcecode.swift; path = DatabaseManager.swift; sourceTree = "<group>"; };
		D698AC1C26BE595400D56C0D /* Utils.swift */ = {isa = PBXFileReference; lastKnownFileType = sourcecode.swift; path = Utils.swift; sourceTree = "<group>"; };
		D698AC1F26BEE40500D56C0D /* ToursController.swift */ = {isa = PBXFileReference; lastKnownFileType = sourcecode.swift; path = ToursController.swift; sourceTree = "<group>"; };
/* End PBXFileReference section */

/* Begin PBXFrameworksBuildPhase section */
		D6610F0D26BDD5AA00855457 /* Frameworks */ = {
			isa = PBXFrameworksBuildPhase;
			buildActionMask = 2147483647;
			files = (
				031FF1194C88E6E87C9B75E5 /* Pods_iOS_GrainChain_Test.framework in Frameworks */,
			);
			runOnlyForDeploymentPostprocessing = 0;
		};
/* End PBXFrameworksBuildPhase section */

/* Begin PBXGroup section */
		0CF7970AF902CAFBB9BE57B2 /* Frameworks */ = {
			isa = PBXGroup;
			children = (
				3E1B7D500CE203B0172EB675 /* Pods_iOS_GrainChain_Test.framework */,
			);
			name = Frameworks;
			sourceTree = "<group>";
		};
		7B9722A085FAD2FFB0E02B6B /* Pods */ = {
			isa = PBXGroup;
			children = (
				BE1783616FDCE9CBA42934DC /* Pods-iOS GrainChain Test.debug.xcconfig */,
				2B3D44CF359F14427BE09748 /* Pods-iOS GrainChain Test.release.xcconfig */,
			);
			path = Pods;
			sourceTree = "<group>";
		};
		D6610F0726BDD5AA00855457 = {
			isa = PBXGroup;
			children = (
				D6610F1226BDD5AA00855457 /* iOS GrainChain Test */,
				D6610F1126BDD5AA00855457 /* Products */,
				7B9722A085FAD2FFB0E02B6B /* Pods */,
				0CF7970AF902CAFBB9BE57B2 /* Frameworks */,
			);
			sourceTree = "<group>";
		};
		D6610F1126BDD5AA00855457 /* Products */ = {
			isa = PBXGroup;
			children = (
				D6610F1026BDD5AA00855457 /* iOS GrainChain Test.app */,
			);
			name = Products;
			sourceTree = "<group>";
		};
		D6610F1226BDD5AA00855457 /* iOS GrainChain Test */ = {
			isa = PBXGroup;
			children = (
				D698AC1B26BE594A00D56C0D /* Utils */,
				D698AC1726BE544400D56C0D /* DatabaseManager */,
				D698ABFD26BE502600D56C0D /* Modules */,
				D6610F1326BDD5AA00855457 /* AppDelegate.swift */,
				D6610F1726BDD5AA00855457 /* Main.storyboard */,
				D6610F1D26BDD5AE00855457 /* Assets.xcassets */,
				D6610F1F26BDD5AE00855457 /* LaunchScreen.storyboard */,
				D6610F2226BDD5AE00855457 /* Info.plist */,
				D6610F1A26BDD5AA00855457 /* iOS_GrainChain_Test.xcdatamodeld */,
			);
			path = "iOS GrainChain Test";
			sourceTree = "<group>";
		};
		D6621F8126C188A3007D4348 /* TourDetail */ = {
			isa = PBXGroup;
			children = (
				D6621F8226C188A3007D4348 /* ViewModel */,
				D6621F8326C188A3007D4348 /* Controllers */,
				D6621F8426C188A3007D4348 /* Views */,
			);
			path = TourDetail;
			sourceTree = "<group>";
		};
		D6621F8226C188A3007D4348 /* ViewModel */ = {
			isa = PBXGroup;
			children = (
				D639B4EF26C302B3008A0ABD /* TourDetailViewModel.swift */,
			);
			path = ViewModel;
			sourceTree = "<group>";
		};
		D6621F8326C188A3007D4348 /* Controllers */ = {
			isa = PBXGroup;
			children = (
				D6621F8526C188C1007D4348 /* TourDetailController.swift */,
			);
			path = Controllers;
			sourceTree = "<group>";
		};
		D6621F8426C188A3007D4348 /* Views */ = {
			isa = PBXGroup;
			children = (
			);
			path = Views;
			sourceTree = "<group>";
		};
		D676A3C226BF0FE800DADCCB /* Views */ = {
			isa = PBXGroup;
			children = (
				D676A3C326BF0FF100DADCCB /* TourCell.swift */,
			);
			path = Views;
			sourceTree = "<group>";
		};
		D698ABFD26BE502600D56C0D /* Modules */ = {
			isa = PBXGroup;
			children = (
				D6621F8126C188A3007D4348 /* TourDetail */,
				D698ABFE26BE502600D56C0D /* MapTours */,
				D698AC0226BE502600D56C0D /* Tours */,
			);
			path = Modules;
			sourceTree = "<group>";
		};
		D698ABFE26BE502600D56C0D /* MapTours */ = {
			isa = PBXGroup;
			children = (
				D698ABFF26BE502600D56C0D /* ViewModel */,
				D698AC0026BE502600D56C0D /* Model */,
				D698AC0126BE502600D56C0D /* Controllers */,
			);
			path = MapTours;
			sourceTree = "<group>";
		};
		D698ABFF26BE502600D56C0D /* ViewModel */ = {
			isa = PBXGroup;
			children = (
				D639B4F526C3042A008A0ABD /* MapTourViewModel.swift */,
			);
			path = ViewModel;
			sourceTree = "<group>";
		};
		D698AC0026BE502600D56C0D /* Model */ = {
			isa = PBXGroup;
			children = (
				D639B4FD26C3050E008A0ABD /* TourModel.swift */,
			);
			path = Model;
			sourceTree = "<group>";
		};
		D698AC0126BE502600D56C0D /* Controllers */ = {
			isa = PBXGroup;
			children = (
				D698AC0A26BE507B00D56C0D /* MapTourController.swift */,
			);
			path = Controllers;
			sourceTree = "<group>";
		};
		D698AC0226BE502600D56C0D /* Tours */ = {
			isa = PBXGroup;
			children = (
				D676A3C226BF0FE800DADCCB /* Views */,
				D698AC0326BE502600D56C0D /* ViewModel */,
				D698AC0426BE502600D56C0D /* Model */,
				D698AC0526BE502600D56C0D /* Controllers */,
			);
			path = Tours;
			sourceTree = "<group>";
		};
		D698AC0326BE502600D56C0D /* ViewModel */ = {
			isa = PBXGroup;
			children = (
				D639B4EC26C30291008A0ABD /* ToursViewModel.swift */,
			);
			path = ViewModel;
			sourceTree = "<group>";
		};
		D698AC0426BE502600D56C0D /* Model */ = {
			isa = PBXGroup;
			children = (
			);
			path = Model;
			sourceTree = "<group>";
		};
		D698AC0526BE502600D56C0D /* Controllers */ = {
			isa = PBXGroup;
			children = (
				D698AC1F26BEE40500D56C0D /* ToursController.swift */,
			);
			path = Controllers;
			sourceTree = "<group>";
		};
		D698AC1726BE544400D56C0D /* DatabaseManager */ = {
			isa = PBXGroup;
			children = (
				D698AC1826BE544C00D56C0D /* DatabaseManager.swift */,
			);
			path = DatabaseManager;
			sourceTree = "<group>";
		};
		D698AC1B26BE594A00D56C0D /* Utils */ = {
			isa = PBXGroup;
			children = (
				D698AC1C26BE595400D56C0D /* Utils.swift */,
				D639B4F226C30392008A0ABD /* ContentTabBar.swift */,
			);
			path = Utils;
			sourceTree = "<group>";
		};
/* End PBXGroup section */

/* Begin PBXNativeTarget section */
		D6610F0F26BDD5AA00855457 /* iOS GrainChain Test */ = {
			isa = PBXNativeTarget;
			buildConfigurationList = D6610F2526BDD5AE00855457 /* Build configuration list for PBXNativeTarget "iOS GrainChain Test" */;
			buildPhases = (
				07B4ED6B6CC9D5A0399D90B6 /* [CP] Check Pods Manifest.lock */,
				D6610F0C26BDD5AA00855457 /* Sources */,
				D6610F0D26BDD5AA00855457 /* Frameworks */,
				D6610F0E26BDD5AA00855457 /* Resources */,
				702EF2D0E6985D53CEFD5B5F /* [CP] Copy Pods Resources */,
			);
			buildRules = (
			);
			dependencies = (
			);
			name = "iOS GrainChain Test";
			productName = "iOS GrainChain Test";
			productReference = D6610F1026BDD5AA00855457 /* iOS GrainChain Test.app */;
			productType = "com.apple.product-type.application";
		};
/* End PBXNativeTarget section */

/* Begin PBXProject section */
		D6610F0826BDD5AA00855457 /* Project object */ = {
			isa = PBXProject;
			attributes = {
				LastSwiftUpdateCheck = 1000;
				LastUpgradeCheck = 1000;
				ORGANIZATIONNAME = "Alberto Josue Gonzalez Juarez";
				TargetAttributes = {
					D6610F0F26BDD5AA00855457 = {
						CreatedOnToolsVersion = 10.0;
					};
				};
			};
			buildConfigurationList = D6610F0B26BDD5AA00855457 /* Build configuration list for PBXProject "iOS GrainChain Test" */;
			compatibilityVersion = "Xcode 9.3";
			developmentRegion = en;
			hasScannedForEncodings = 0;
			knownRegions = (
				en,
				Base,
			);
			mainGroup = D6610F0726BDD5AA00855457;
			productRefGroup = D6610F1126BDD5AA00855457 /* Products */;
			projectDirPath = "";
			projectRoot = "";
			targets = (
				D6610F0F26BDD5AA00855457 /* iOS GrainChain Test */,
			);
		};
/* End PBXProject section */

/* Begin PBXResourcesBuildPhase section */
		D6610F0E26BDD5AA00855457 /* Resources */ = {
			isa = PBXResourcesBuildPhase;
			buildActionMask = 2147483647;
			files = (
				D6610F2126BDD5AE00855457 /* LaunchScreen.storyboard in Resources */,
				D6610F1E26BDD5AE00855457 /* Assets.xcassets in Resources */,
				D6610F1926BDD5AA00855457 /* Main.storyboard in Resources */,
			);
			runOnlyForDeploymentPostprocessing = 0;
		};
/* End PBXResourcesBuildPhase section */

/* Begin PBXShellScriptBuildPhase section */
		07B4ED6B6CC9D5A0399D90B6 /* [CP] Check Pods Manifest.lock */ = {
			isa = PBXShellScriptBuildPhase;
			buildActionMask = 2147483647;
			files = (
			);
			inputFileListPaths = (
			);
			inputPaths = (
				"${PODS_PODFILE_DIR_PATH}/Podfile.lock",
				"${PODS_ROOT}/Manifest.lock",
			);
			name = "[CP] Check Pods Manifest.lock";
			outputFileListPaths = (
			);
			outputPaths = (
				"$(DERIVED_FILE_DIR)/Pods-iOS GrainChain Test-checkManifestLockResult.txt",
			);
			runOnlyForDeploymentPostprocessing = 0;
			shellPath = /bin/sh;
			shellScript = "diff \"${PODS_PODFILE_DIR_PATH}/Podfile.lock\" \"${PODS_ROOT}/Manifest.lock\" > /dev/null\nif [ $? != 0 ] ; then\n    # print error to STDERR\n    echo \"error: The sandbox is not in sync with the Podfile.lock. Run 'pod install' or update your CocoaPods installation.\" >&2\n    exit 1\nfi\n# This output is used by Xcode 'outputs' to avoid re-running this script phase.\necho \"SUCCESS\" > \"${SCRIPT_OUTPUT_FILE_0}\"\n";
			showEnvVarsInLog = 0;
		};
		702EF2D0E6985D53CEFD5B5F /* [CP] Copy Pods Resources */ = {
			isa = PBXShellScriptBuildPhase;
			buildActionMask = 2147483647;
			files = (
			);
			inputFileListPaths = (
				"${PODS_ROOT}/Target Support Files/Pods-iOS GrainChain Test/Pods-iOS GrainChain Test-resources-${CONFIGURATION}-input-files.xcfilelist",
			);
			name = "[CP] Copy Pods Resources";
			outputFileListPaths = (
				"${PODS_ROOT}/Target Support Files/Pods-iOS GrainChain Test/Pods-iOS GrainChain Test-resources-${CONFIGURATION}-output-files.xcfilelist",
			);
			runOnlyForDeploymentPostprocessing = 0;
			shellPath = /bin/sh;
			shellScript = "\"${PODS_ROOT}/Target Support Files/Pods-iOS GrainChain Test/Pods-iOS GrainChain Test-resources.sh\"\n";
			showEnvVarsInLog = 0;
		};
/* End PBXShellScriptBuildPhase section */

/* Begin PBXSourcesBuildPhase section */
		D6610F0C26BDD5AA00855457 /* Sources */ = {
			isa = PBXSourcesBuildPhase;
			buildActionMask = 2147483647;
			files = (
				D6621F8626C188C1007D4348 /* TourDetailController.swift in Sources */,
				D698AC2026BEE40500D56C0D /* ToursController.swift in Sources */,
				D639B4F026C302B3008A0ABD /* TourDetailViewModel.swift in Sources */,
				D639B4ED26C30291008A0ABD /* ToursViewModel.swift in Sources */,
				D676A3C426BF0FF100DADCCB /* TourCell.swift in Sources */,
				D6610F1426BDD5AA00855457 /* AppDelegate.swift in Sources */,
				D698AC1926BE544C00D56C0D /* DatabaseManager.swift in Sources */,
				D698AC1D26BE595400D56C0D /* Utils.swift in Sources */,
				D639B4F326C30392008A0ABD /* ContentTabBar.swift in Sources */,
				D639B4F626C3042A008A0ABD /* MapTourViewModel.swift in Sources */,
				D639B4FE26C3050E008A0ABD /* TourModel.swift in Sources */,
				D698AC0B26BE507B00D56C0D /* MapTourController.swift in Sources */,
				D6610F1C26BDD5AA00855457 /* iOS_GrainChain_Test.xcdatamodeld in Sources */,
			);
			runOnlyForDeploymentPostprocessing = 0;
		};
/* End PBXSourcesBuildPhase section */

/* Begin PBXVariantGroup section */
		D6610F1726BDD5AA00855457 /* Main.storyboard */ = {
			isa = PBXVariantGroup;
			children = (
				D6610F1826BDD5AA00855457 /* Base */,
			);
			name = Main.storyboard;
			sourceTree = "<group>";
		};
		D6610F1F26BDD5AE00855457 /* LaunchScreen.storyboard */ = {
			isa = PBXVariantGroup;
			children = (
				D6610F2026BDD5AE00855457 /* Base */,
			);
			name = LaunchScreen.storyboard;
			sourceTree = "<group>";
		};
/* End PBXVariantGroup section */

/* Begin XCBuildConfiguration section */
		D6610F2326BDD5AE00855457 /* Debug */ = {
			isa = XCBuildConfiguration;
			buildSettings = {
				ALWAYS_SEARCH_USER_PATHS = NO;
				CLANG_ANALYZER_NONNULL = YES;
				CLANG_ANALYZER_NUMBER_OBJECT_CONVERSION = YES_AGGRESSIVE;
				CLANG_CXX_LANGUAGE_STANDARD = "gnu++14";
				CLANG_CXX_LIBRARY = "libc++";
				CLANG_ENABLE_MODULES = YES;
				CLANG_ENABLE_OBJC_ARC = YES;
				CLANG_ENABLE_OBJC_WEAK = YES;
				CLANG_WARN_BLOCK_CAPTURE_AUTORELEASING = YES;
				CLANG_WARN_BOOL_CONVERSION = YES;
				CLANG_WARN_COMMA = YES;
				CLANG_WARN_CONSTANT_CONVERSION = YES;
				CLANG_WARN_DEPRECATED_OBJC_IMPLEMENTATIONS = YES;
				CLANG_WARN_DIRECT_OBJC_ISA_USAGE = YES_ERROR;
				CLANG_WARN_DOCUMENTATION_COMMENTS = YES;
				CLANG_WARN_EMPTY_BODY = YES;
				CLANG_WARN_ENUM_CONVERSION = YES;
				CLANG_WARN_INFINITE_RECURSION = YES;
				CLANG_WARN_INT_CONVERSION = YES;
				CLANG_WARN_NON_LITERAL_NULL_CONVERSION = YES;
				CLANG_WARN_OBJC_IMPLICIT_RETAIN_SELF = YES;
				CLANG_WARN_OBJC_LITERAL_CONVERSION = YES;
				CLANG_WARN_OBJC_ROOT_CLASS = YES_ERROR;
				CLANG_WARN_RANGE_LOOP_ANALYSIS = YES;
				CLANG_WARN_STRICT_PROTOTYPES = YES;
				CLANG_WARN_SUSPICIOUS_MOVE = YES;
				CLANG_WARN_UNGUARDED_AVAILABILITY = YES_AGGRESSIVE;
				CLANG_WARN_UNREACHABLE_CODE = YES;
				CLANG_WARN__DUPLICATE_METHOD_MATCH = YES;
				CODE_SIGN_IDENTITY = "iPhone Developer";
				COPY_PHASE_STRIP = NO;
				DEBUG_INFORMATION_FORMAT = dwarf;
				ENABLE_STRICT_OBJC_MSGSEND = YES;
				ENABLE_TESTABILITY = YES;
				GCC_C_LANGUAGE_STANDARD = gnu11;
				GCC_DYNAMIC_NO_PIC = NO;
				GCC_NO_COMMON_BLOCKS = YES;
				GCC_OPTIMIZATION_LEVEL = 0;
				GCC_PREPROCESSOR_DEFINITIONS = (
					"DEBUG=1",
					"$(inherited)",
				);
				GCC_WARN_64_TO_32_BIT_CONVERSION = YES;
				GCC_WARN_ABOUT_RETURN_TYPE = YES_ERROR;
				GCC_WARN_UNDECLARED_SELECTOR = YES;
				GCC_WARN_UNINITIALIZED_AUTOS = YES_AGGRESSIVE;
				GCC_WARN_UNUSED_FUNCTION = YES;
				GCC_WARN_UNUSED_VARIABLE = YES;
				IPHONEOS_DEPLOYMENT_TARGET = 12.0;
				MTL_ENABLE_DEBUG_INFO = INCLUDE_SOURCE;
				MTL_FAST_MATH = YES;
				ONLY_ACTIVE_ARCH = YES;
				SDKROOT = iphoneos;
				SWIFT_ACTIVE_COMPILATION_CONDITIONS = DEBUG;
				SWIFT_OPTIMIZATION_LEVEL = "-Onone";
			};
			name = Debug;
		};
		D6610F2426BDD5AE00855457 /* Release */ = {
			isa = XCBuildConfiguration;
			buildSettings = {
				ALWAYS_SEARCH_USER_PATHS = NO;
				CLANG_ANALYZER_NONNULL = YES;
				CLANG_ANALYZER_NUMBER_OBJECT_CONVERSION = YES_AGGRESSIVE;
				CLANG_CXX_LANGUAGE_STANDARD = "gnu++14";
				CLANG_CXX_LIBRARY = "libc++";
				CLANG_ENABLE_MODULES = YES;
				CLANG_ENABLE_OBJC_ARC = YES;
				CLANG_ENABLE_OBJC_WEAK = YES;
				CLANG_WARN_BLOCK_CAPTURE_AUTORELEASING = YES;
				CLANG_WARN_BOOL_CONVERSION = YES;
				CLANG_WARN_COMMA = YES;
				CLANG_WARN_CONSTANT_CONVERSION = YES;
				CLANG_WARN_DEPRECATED_OBJC_IMPLEMENTATIONS = YES;
				CLANG_WARN_DIRECT_OBJC_ISA_USAGE = YES_ERROR;
				CLANG_WARN_DOCUMENTATION_COMMENTS = YES;
				CLANG_WARN_EMPTY_BODY = YES;
				CLANG_WARN_ENUM_CONVERSION = YES;
				CLANG_WARN_INFINITE_RECURSION = YES;
				CLANG_WARN_INT_CONVERSION = YES;
				CLANG_WARN_NON_LITERAL_NULL_CONVERSION = YES;
				CLANG_WARN_OBJC_IMPLICIT_RETAIN_SELF = YES;
				CLANG_WARN_OBJC_LITERAL_CONVERSION = YES;
				CLANG_WARN_OBJC_ROOT_CLASS = YES_ERROR;
				CLANG_WARN_RANGE_LOOP_ANALYSIS = YES;
				CLANG_WARN_STRICT_PROTOTYPES = YES;
				CLANG_WARN_SUSPICIOUS_MOVE = YES;
				CLANG_WARN_UNGUARDED_AVAILABILITY = YES_AGGRESSIVE;
				CLANG_WARN_UNREACHABLE_CODE = YES;
				CLANG_WARN__DUPLICATE_METHOD_MATCH = YES;
				CODE_SIGN_IDENTITY = "iPhone Developer";
				COPY_PHASE_STRIP = NO;
				DEBUG_INFORMATION_FORMAT = "dwarf-with-dsym";
				ENABLE_NS_ASSERTIONS = NO;
				ENABLE_STRICT_OBJC_MSGSEND = YES;
				GCC_C_LANGUAGE_STANDARD = gnu11;
				GCC_NO_COMMON_BLOCKS = YES;
				GCC_WARN_64_TO_32_BIT_CONVERSION = YES;
				GCC_WARN_ABOUT_RETURN_TYPE = YES_ERROR;
				GCC_WARN_UNDECLARED_SELECTOR = YES;
				GCC_WARN_UNINITIALIZED_AUTOS = YES_AGGRESSIVE;
				GCC_WARN_UNUSED_FUNCTION = YES;
				GCC_WARN_UNUSED_VARIABLE = YES;
				IPHONEOS_DEPLOYMENT_TARGET = 12.0;
				MTL_ENABLE_DEBUG_INFO = NO;
				MTL_FAST_MATH = YES;
				SDKROOT = iphoneos;
				SWIFT_COMPILATION_MODE = wholemodule;
				SWIFT_OPTIMIZATION_LEVEL = "-O";
				VALIDATE_PRODUCT = YES;
			};
			name = Release;
		};
		D6610F2626BDD5AE00855457 /* Debug */ = {
			isa = XCBuildConfiguration;
			baseConfigurationReference = BE1783616FDCE9CBA42934DC /* Pods-iOS GrainChain Test.debug.xcconfig */;
			buildSettings = {
				ASSETCATALOG_COMPILER_APPICON_NAME = AppIcon;
				CODE_SIGN_STYLE = Automatic;
				DEVELOPMENT_TEAM = P6V6SK9E9Q;
				INFOPLIST_FILE = "iOS GrainChain Test/Info.plist";
				IPHONEOS_DEPLOYMENT_TARGET = 11.0;
				LD_RUNPATH_SEARCH_PATHS = (
					"$(inherited)",
					"@executable_path/Frameworks",
				);
				PRODUCT_BUNDLE_IDENTIFIER = "com.techdragonstudio.iOS-GrainChain-Test";
				PRODUCT_NAME = "$(TARGET_NAME)";
				SWIFT_VERSION = 4.2;
				TARGETED_DEVICE_FAMILY = 1;
			};
			name = Debug;
		};
		D6610F2726BDD5AE00855457 /* Release */ = {
			isa = XCBuildConfiguration;
			baseConfigurationReference = 2B3D44CF359F14427BE09748 /* Pods-iOS GrainChain Test.release.xcconfig */;
			buildSettings = {
				ASSETCATALOG_COMPILER_APPICON_NAME = AppIcon;
				CODE_SIGN_STYLE = Automatic;
				DEVELOPMENT_TEAM = P6V6SK9E9Q;
				INFOPLIST_FILE = "iOS GrainChain Test/Info.plist";
				IPHONEOS_DEPLOYMENT_TARGET = 11.0;
				LD_RUNPATH_SEARCH_PATHS = (
					"$(inherited)",
					"@executable_path/Frameworks",
				);
				PRODUCT_BUNDLE_IDENTIFIER = "com.techdragonstudio.iOS-GrainChain-Test";
				PRODUCT_NAME = "$(TARGET_NAME)";
				SWIFT_VERSION = 4.2;
				TARGETED_DEVICE_FAMILY = 1;
			};
			name = Release;
		};
/* End XCBuildConfiguration section */

/* Begin XCConfigurationList section */
		D6610F0B26BDD5AA00855457 /* Build configuration list for PBXProject "iOS GrainChain Test" */ = {
			isa = XCConfigurationList;
			buildConfigurations = (
				D6610F2326BDD5AE00855457 /* Debug */,
				D6610F2426BDD5AE00855457 /* Release */,
			);
			defaultConfigurationIsVisible = 0;
			defaultConfigurationName = Release;
		};
		D6610F2526BDD5AE00855457 /* Build configuration list for PBXNativeTarget "iOS GrainChain Test" */ = {
			isa = XCConfigurationList;
			buildConfigurations = (
				D6610F2626BDD5AE00855457 /* Debug */,
				D6610F2726BDD5AE00855457 /* Release */,
			);
			defaultConfigurationIsVisible = 0;
			defaultConfigurationName = Release;
		};
/* End XCConfigurationList section */

/* Begin XCVersionGroup section */
		D6610F1A26BDD5AA00855457 /* iOS_GrainChain_Test.xcdatamodeld */ = {
			isa = XCVersionGroup;
			children = (
				D6610F1B26BDD5AA00855457 /* iOS_GrainChain_Test.xcdatamodel */,
			);
			currentVersion = D6610F1B26BDD5AA00855457 /* iOS_GrainChain_Test.xcdatamodel */;
			path = iOS_GrainChain_Test.xcdatamodeld;
			sourceTree = "<group>";
			versionGroupType = wrapper.xcdatamodel;
		};
/* End XCVersionGroup section */
	};
	rootObject = D6610F0826BDD5AA00855457 /* Project object */;
}
